
Microsoft Visual Studio Solution File, Format Version 12.00
# Visual Studio 15
Project("{FAE04EC0-301F-11D3-BF4B-00C04F79EFBC}") = "CountriesWiki.Android", "CountriesWiki.Android\CountriesWiki.Android.csproj", "{298DBAC8-BB7E-463F-8A72-D3FCFFD4CD25}"
EndProject
Project("{FAE04EC0-301F-11D3-BF4B-00C04F79EFBC}") = "CountriesWiki.iOS", "CountriesWiki.iOS\CountriesWiki.iOS.csproj", "{733FC660-A02D-450B-B8CE-EA2A1674E21D}"
EndProject
Project("{FAE04EC0-301F-11D3-BF4B-00C04F79EFBC}") = "CountriesWiki", "CountriesWiki\CountriesWiki.csproj", "{35F6A1FC-602D-4B98-8407-7819AFAE594E}"
EndProject
Global
	GlobalSection(SolutionConfigurationPlatforms) = preSolution
		Debug|Any CPU = Debug|Any CPU
		Release|Any CPU = Release|Any CPU
		Debug|iPhoneSimulator = Debug|iPhoneSimulator
		Release|iPhoneSimulator = Release|iPhoneSimulator
		Debug|iPhone = Debug|iPhone
		Release|iPhone = Release|iPhone
	EndGlobalSection
	GlobalSection(ProjectConfigurationPlatforms) = postSolution
		{298DBAC8-BB7E-463F-8A72-D3FCFFD4CD25}.Debug|Any CPU.ActiveCfg = Debug|Any CPU
		{298DBAC8-BB7E-463F-8A72-D3FCFFD4CD25}.Debug|Any CPU.Build.0 = Debug|Any CPU
		{298DBAC8-BB7E-463F-8A72-D3FCFFD4CD25}.Release|Any CPU.ActiveCfg = Release|Any CPU
		{298DBAC8-BB7E-463F-8A72-D3FCFFD4CD25}.Release|Any CPU.Build.0 = Release|Any CPU
		{298DBAC8-BB7E-463F-8A72-D3FCFFD4CD25}.Debug|iPhoneSimulator.ActiveCfg = Debug|Any CPU
		{298DBAC8-BB7E-463F-8A72-D3FCFFD4CD25}.Debug|iPhoneSimulator.Build.0 = Debug|Any CPU
		{298DBAC8-BB7E-463F-8A72-D3FCFFD4CD25}.Release|iPhoneSimulator.ActiveCfg = Release|Any CPU
		{298DBAC8-BB7E-463F-8A72-D3FCFFD4CD25}.Release|iPhoneSimulator.Build.0 = Release|Any CPU
		{298DBAC8-BB7E-463F-8A72-D3FCFFD4CD25}.Debug|iPhone.ActiveCfg = Debug|Any CPU
		{298DBAC8-BB7E-463F-8A72-D3FCFFD4CD25}.Debug|iPhone.Build.0 = Debug|Any CPU
		{298DBAC8-BB7E-463F-8A72-D3FCFFD4CD25}.Release|iPhone.ActiveCfg = Release|Any CPU
		{298DBAC8-BB7E-463F-8A72-D3FCFFD4CD25}.Release|iPhone.Build.0 = Release|Any CPU
		{733FC660-A02D-450B-B8CE-EA2A1674E21D}.Debug|Any CPU.ActiveCfg = Debug|iPhoneSimulator
		{733FC660-A02D-450B-B8CE-EA2A1674E21D}.Debug|Any CPU.Build.0 = Debug|iPhoneSimulator
		{733FC660-A02D-450B-B8CE-EA2A1674E21D}.Release|Any CPU.ActiveCfg = Release|iPhoneSimulator
		{733FC660-A02D-450B-B8CE-EA2A1674E21D}.Release|Any CPU.Build.0 = Release|iPhoneSimulator
		{733FC660-A02D-450B-B8CE-EA2A1674E21D}.Debug|iPhoneSimulator.ActiveCfg = Debug|iPhoneSimulator
		{733FC660-A02D-450B-B8CE-EA2A1674E21D}.Debug|iPhoneSimulator.Build.0 = Debug|iPhoneSimulator
		{733FC660-A02D-450B-B8CE-EA2A1674E21D}.Release|iPhoneSimulator.ActiveCfg = Release|iPhoneSimulator
		{733FC660-A02D-450B-B8CE-EA2A1674E21D}.Release|iPhoneSimulator.Build.0 = Release|iPhoneSimulator
		{733FC660-A02D-450B-B8CE-EA2A1674E21D}.Debug|iPhone.ActiveCfg = Debug|iPhone
		{733FC660-A02D-450B-B8CE-EA2A1674E21D}.Debug|iPhone.Build.0 = Debug|iPhone
		{733FC660-A02D-450B-B8CE-EA2A1674E21D}.Release|iPhone.ActiveCfg = Release|iPhone
		{733FC660-A02D-450B-B8CE-EA2A1674E21D}.Release|iPhone.Build.0 = Release|iPhone
		{35F6A1FC-602D-4B98-8407-7819AFAE594E}.Debug|Any CPU.ActiveCfg = Debug|Any CPU
		{35F6A1FC-602D-4B98-8407-7819AFAE594E}.Debug|Any CPU.Build.0 = Debug|Any CPU
		{35F6A1FC-602D-4B98-8407-7819AFAE594E}.Release|Any CPU.ActiveCfg = Release|Any CPU
		{35F6A1FC-602D-4B98-8407-7819AFAE594E}.Release|Any CPU.Build.0 = Release|Any CPU
		{35F6A1FC-602D-4B98-8407-7819AFAE594E}.Debug|iPhoneSimulator.ActiveCfg = Debug|Any CPU
		{35F6A1FC-602D-4B98-8407-7819AFAE594E}.Debug|iPhoneSimulator.Build.0 = Debug|Any CPU
		{35F6A1FC-602D-4B98-8407-7819AFAE594E}.Release|iPhoneSimulator.ActiveCfg = Release|Any CPU
		{35F6A1FC-602D-4B98-8407-7819AFAE594E}.Release|iPhoneSimulator.Build.0 = Release|Any CPU
		{35F6A1FC-602D-4B98-8407-7819AFAE594E}.Debug|iPhone.ActiveCfg = Debug|Any CPU
		{35F6A1FC-602D-4B98-8407-7819AFAE594E}.Debug|iPhone.Build.0 = Debug|Any CPU
		{35F6A1FC-602D-4B98-8407-7819AFAE594E}.Release|iPhone.ActiveCfg = Release|Any CPU
		{35F6A1FC-602D-4B98-8407-7819AFAE594E}.Release|iPhone.Build.0 = Release|Any CPU
	EndGlobalSection
EndGlobal
